
Microsoft Visual Studio Solution File, Format Version 12.00
# Visual Studio Version 17
VisualStudioVersion = 17.0.32126.317
MinimumVisualStudioVersion = 10.0.40219.1
Project("{FAE04EC0-301F-11D3-BF4B-00C04F79EFBC}") = "lib", "lib\lib.csproj", "{0B97E373-E49D-480F-990B-B16042731BD7}"
EndProject
Project("{FAE04EC0-301F-11D3-BF4B-00C04F79EFBC}") = "test", "test\test.csproj", "{C95B087F-C739-4115-8FF8-0CDB0B0225A1}"
EndProject
Global
	GlobalSection(SolutionConfigurationPlatforms) = preSolution
		Debug|Any CPU = Debug|Any CPU
		Release|Any CPU = Release|Any CPU
	EndGlobalSection
	GlobalSection(ProjectConfigurationPlatforms) = postSolution
		{0B97E373-E49D-480F-990B-B16042731BD7}.Debug|Any CPU.ActiveCfg = Debug|Any CPU
		{0B97E373-E49D-480F-990B-B16042731BD7}.Debug|Any CPU.Build.0 = Debug|Any CPU
		{0B97E373-E49D-480F-990B-B16042731BD7}.Release|Any CPU.ActiveCfg = Release|Any CPU
		{0B97E373-E49D-480F-990B-B16042731BD7}.Release|Any CPU.Build.0 = Release|Any CPU
		{C95B087F-C739-4115-8FF8-0CDB0B0225A1}.Debug|Any CPU.ActiveCfg = Debug|Any CPU
		{C95B087F-C739-4115-8FF8-0CDB0B0225A1}.Debug|Any CPU.Build.0 = Debug|Any CPU
		{C95B087F-C739-4115-8FF8-0CDB0B0225A1}.Release|Any CPU.ActiveCfg = Release|Any CPU
		{C95B087F-C739-4115-8FF8-0CDB0B0225A1}.Release|Any CPU.Build.0 = Release|Any CPU
	EndGlobalSection
	GlobalSection(SolutionProperties) = preSolution
		HideSolutionNode = FALSE
	EndGlobalSection
	GlobalSection(ExtensibilityGlobals) = postSolution
		SolutionGuid = {761F8D5A-0715-4382-89CD-CA97327EEB55}
	EndGlobalSection
EndGlobal
